{
  "name": "btopnode",
  "version": "1.0.0",
  "lockfileVersion": 3,
  "requires": true,
  "packages": {
    "": {
      "name": "btopnode",
      "version": "1.0.0",
      "license": "ISC",
      "dependencies": {
        "@xterm/addon-serialize": "^0.13.0",
        "@xterm/xterm": "^5.5.0",
        "node-pty": "^1.0.0",
        "ws": "^8.18.3"
      }
    },
    "node_modules/@xterm/addon-serialize": {
      "version": "0.13.0",
      "license": "MIT",
      "peerDependencies": {
        "@xterm/xterm": "^5.0.0"
      }
    },
    "node_modules/@xterm/xterm": {
      "version": "5.5.0",
      "license": "MIT"
    },
    "node_modules/nan": {
      "version": "2.23.0",
      "license": "MIT"
    },
    "node_modules/node-pty": {
      "version": "1.0.0",
      "hasInstallScript": true,
      "license": "MIT",
      "dependencies": {
        "nan": "^2.17.0"
      }
    },
    "node_modules/ws": {
      "version": "8.18.3",
      "license": "MIT",
      "engines": {
        "node": ">=10.0.0"
      },
      "peerDependencies": {
        "bufferutil": "^4.0.1",
        "utf-8-validate": ">=5.0.2"
      },
      "peerDependenciesMeta": {
        "bufferutil": {
          "optional": true
        },
        "utf-8-validate": {
          "optional": true
        }
      }
    }
  }
}
